
Microsoft Visual Studio Solution File, Format Version 12.00
# Visual Studio Version 17
VisualStudioVersion = 17.3.32901.215
MinimumVisualStudioVersion = 10.0.40219.1
Project("{9A19103F-16F7-4668-BE54-9A1E7A4F7556}") = "ConsoleInterface", "ConsoleInterface.csproj", "{95C2E7CC-2D9E-4330-8648-22BDC784B7DA}"
EndProject
Project("{9A19103F-16F7-4668-BE54-9A1E7A4F7556}") = "Algorythims", "..\Boyera_Moorea\Algorythims.csproj", "{B20777F5-142F-4490-BA9B-A03D34A8ED1F}"
EndProject
Global
	GlobalSection(SolutionConfigurationPlatforms) = preSolution
		Debug|Any CPU = Debug|Any CPU
		Release|Any CPU = Release|Any CPU
	EndGlobalSection
	GlobalSection(ProjectConfigurationPlatforms) = postSolution
		{95C2E7CC-2D9E-4330-8648-22BDC784B7DA}.Debug|Any CPU.ActiveCfg = Debug|Any CPU
		{95C2E7CC-2D9E-4330-8648-22BDC784B7DA}.Debug|Any CPU.Build.0 = Debug|Any CPU
		{95C2E7CC-2D9E-4330-8648-22BDC784B7DA}.Release|Any CPU.ActiveCfg = Release|Any CPU
		{95C2E7CC-2D9E-4330-8648-22BDC784B7DA}.Release|Any CPU.Build.0 = Release|Any CPU
		{B20777F5-142F-4490-BA9B-A03D34A8ED1F}.Debug|Any CPU.ActiveCfg = Debug|Any CPU
		{B20777F5-142F-4490-BA9B-A03D34A8ED1F}.Debug|Any CPU.Build.0 = Debug|Any CPU
		{B20777F5-142F-4490-BA9B-A03D34A8ED1F}.Release|Any CPU.ActiveCfg = Release|Any CPU
		{B20777F5-142F-4490-BA9B-A03D34A8ED1F}.Release|Any CPU.Build.0 = Release|Any CPU
	EndGlobalSection
	GlobalSection(SolutionProperties) = preSolution
		HideSolutionNode = FALSE
	EndGlobalSection
	GlobalSection(ExtensibilityGlobals) = postSolution
		SolutionGuid = {D1A77A54-9333-4B22-8B4C-A88F4DB023C9}
	EndGlobalSection
EndGlobal
